// !$*UTF8*$!
{
	archiveVersion = 1;
	classes = {
	};
	objectVersion = 55;
	objects = {

/* Begin PBXBuildFile section */
		B7894C2F28D308870079940F /* Constants.swift in Sources */ = {isa = PBXBuildFile; fileRef = B7894C2E28D308870079940F /* Constants.swift */; };
		B7894C3128D308F60079940F /* Metrics.swift in Sources */ = {isa = PBXBuildFile; fileRef = B7894C3028D308F60079940F /* Metrics.swift */; };
		B7894C3628D333CD0079940F /* RadioModel.swift in Sources */ = {isa = PBXBuildFile; fileRef = B7894C3528D333CD0079940F /* RadioModel.swift */; };
		B7AE094E28D1FA2900BEB36A /* RadioNavigation.swift in Sources */ = {isa = PBXBuildFile; fileRef = B7AE094D28D1FA2900BEB36A /* RadioNavigation.swift */; };
		B7AE095228D1FFCE00BEB36A /* MediaLibraryNavigation.swift in Sources */ = {isa = PBXBuildFile; fileRef = B7AE095128D1FFCE00BEB36A /* MediaLibraryNavigation.swift */; };
		B7AE095428D20C5100BEB36A /* MediaLibraryMain.swift in Sources */ = {isa = PBXBuildFile; fileRef = B7AE095328D20C5100BEB36A /* MediaLibraryMain.swift */; };
		B7AE095628D20C8300BEB36A /* MediaLibraryList.swift in Sources */ = {isa = PBXBuildFile; fileRef = B7AE095528D20C8300BEB36A /* MediaLibraryList.swift */; };
		B7AE095A28D210D300BEB36A /* ListModel.swift in Sources */ = {isa = PBXBuildFile; fileRef = B7AE095928D210D300BEB36A /* ListModel.swift */; };
		B7B5D63228D1F48700879C09 /* AppleMusic_SwiftUIApp.swift in Sources */ = {isa = PBXBuildFile; fileRef = B7B5D63128D1F48700879C09 /* AppleMusic_SwiftUIApp.swift */; };
		B7B5D63428D1F48700879C09 /* TabBar.swift in Sources */ = {isa = PBXBuildFile; fileRef = B7B5D63328D1F48700879C09 /* TabBar.swift */; };
		B7B5D63628D1F48E00879C09 /* Assets.xcassets in Resources */ = {isa = PBXBuildFile; fileRef = B7B5D63528D1F48E00879C09 /* Assets.xcassets */; };
		B7B5D63928D1F48E00879C09 /* Preview Assets.xcassets in Resources */ = {isa = PBXBuildFile; fileRef = B7B5D63828D1F48E00879C09 /* Preview Assets.xcassets */; };
		B7D1BB4E28D5E27B00A9D2E9 /* CategoryModel.swift in Sources */ = {isa = PBXBuildFile; fileRef = B7D1BB4D28D5E27B00A9D2E9 /* CategoryModel.swift */; };
		B7D1BB5028D5E5D200A9D2E9 /* SearchNavigation.swift in Sources */ = {isa = PBXBuildFile; fileRef = B7D1BB4F28D5E5D200A9D2E9 /* SearchNavigation.swift */; };
		B7D1BB6028D5FAA600A9D2E9 /* SearchCategoriesView.swift in Sources */ = {isa = PBXBuildFile; fileRef = B7D1BB5F28D5FAA600A9D2E9 /* SearchCategoriesView.swift */; };
		B7D1BB6228D5FB2200A9D2E9 /* SearchCategoiesListView.swift in Sources */ = {isa = PBXBuildFile; fileRef = B7D1BB6128D5FB2200A9D2E9 /* SearchCategoiesListView.swift */; };
		B7D1BB6428D5FC4900A9D2E9 /* CategoryView.swift in Sources */ = {isa = PBXBuildFile; fileRef = B7D1BB6328D5FC4900A9D2E9 /* CategoryView.swift */; };
		B7D1BB6628D5FE8800A9D2E9 /* PlaylistModel.swift in Sources */ = {isa = PBXBuildFile; fileRef = B7D1BB6528D5FE8800A9D2E9 /* PlaylistModel.swift */; };
		B7D1BB6828D6045800A9D2E9 /* TracksModel.swift in Sources */ = {isa = PBXBuildFile; fileRef = B7D1BB6728D6045800A9D2E9 /* TracksModel.swift */; };
		B7D1BB6A28D60EDC00A9D2E9 /* PlaylistsView.swift in Sources */ = {isa = PBXBuildFile; fileRef = B7D1BB6928D60EDC00A9D2E9 /* PlaylistsView.swift */; };
		B7D1BB6C28D60EE800A9D2E9 /* TracksView.swift in Sources */ = {isa = PBXBuildFile; fileRef = B7D1BB6B28D60EE800A9D2E9 /* TracksView.swift */; };
		B7D1BB6E28D6180900A9D2E9 /* StationModel.swift in Sources */ = {isa = PBXBuildFile; fileRef = B7D1BB6D28D6180900A9D2E9 /* StationModel.swift */; };
		B7D1BB7128D61A4A00A9D2E9 /* StationsView.swift in Sources */ = {isa = PBXBuildFile; fileRef = B7D1BB7028D61A4A00A9D2E9 /* StationsView.swift */; };
		B7D6E39428D33C6100BCF40C /* InterestingModel.swift in Sources */ = {isa = PBXBuildFile; fileRef = B7D6E39328D33C6100BCF40C /* InterestingModel.swift */; };
		B7D6E39A28D34FB200BCF40C /* InterestingView.swift in Sources */ = {isa = PBXBuildFile; fileRef = B7D6E39928D34FB200BCF40C /* InterestingView.swift */; };
		B7D6E39C28D35D8500BCF40C /* StationListView.swift in Sources */ = {isa = PBXBuildFile; fileRef = B7D6E39B28D35D8400BCF40C /* StationListView.swift */; };
/* End PBXBuildFile section */

/* Begin PBXFileReference section */
		B7894C2E28D308870079940F /* Constants.swift */ = {isa = PBXFileReference; lastKnownFileType = sourcecode.swift; path = Constants.swift; sourceTree = "<group>"; };
		B7894C3028D308F60079940F /* Metrics.swift */ = {isa = PBXFileReference; lastKnownFileType = sourcecode.swift; path = Metrics.swift; sourceTree = "<group>"; };
		B7894C3528D333CD0079940F /* RadioModel.swift */ = {isa = PBXFileReference; lastKnownFileType = sourcecode.swift; path = RadioModel.swift; sourceTree = "<group>"; };
		B7AE094D28D1FA2900BEB36A /* RadioNavigation.swift */ = {isa = PBXFileReference; lastKnownFileType = sourcecode.swift; path = RadioNavigation.swift; sourceTree = "<group>"; };
		B7AE095128D1FFCE00BEB36A /* MediaLibraryNavigation.swift */ = {isa = PBXFileReference; lastKnownFileType = sourcecode.swift; path = MediaLibraryNavigation.swift; sourceTree = "<group>"; };
		B7AE095328D20C5100BEB36A /* MediaLibraryMain.swift */ = {isa = PBXFileReference; lastKnownFileType = sourcecode.swift; path = MediaLibraryMain.swift; sourceTree = "<group>"; };
		B7AE095528D20C8300BEB36A /* MediaLibraryList.swift */ = {isa = PBXFileReference; lastKnownFileType = sourcecode.swift; path = MediaLibraryList.swift; sourceTree = "<group>"; };
		B7AE095928D210D300BEB36A /* ListModel.swift */ = {isa = PBXFileReference; lastKnownFileType = sourcecode.swift; path = ListModel.swift; sourceTree = "<group>"; };
		B7B5D62E28D1F48700879C09 /* AppleMusic_SwiftUI.app */ = {isa = PBXFileReference; explicitFileType = wrapper.application; includeInIndex = 0; path = AppleMusic_SwiftUI.app; sourceTree = BUILT_PRODUCTS_DIR; };
		B7B5D63128D1F48700879C09 /* AppleMusic_SwiftUIApp.swift */ = {isa = PBXFileReference; lastKnownFileType = sourcecode.swift; path = AppleMusic_SwiftUIApp.swift; sourceTree = "<group>"; };
		B7B5D63328D1F48700879C09 /* TabBar.swift */ = {isa = PBXFileReference; lastKnownFileType = sourcecode.swift; path = TabBar.swift; sourceTree = "<group>"; };
		B7B5D63528D1F48E00879C09 /* Assets.xcassets */ = {isa = PBXFileReference; lastKnownFileType = folder.assetcatalog; path = Assets.xcassets; sourceTree = "<group>"; };
		B7B5D63828D1F48E00879C09 /* Preview Assets.xcassets */ = {isa = PBXFileReference; lastKnownFileType = folder.assetcatalog; path = "Preview Assets.xcassets"; sourceTree = "<group>"; };
		B7D1BB4D28D5E27B00A9D2E9 /* CategoryModel.swift */ = {isa = PBXFileReference; lastKnownFileType = sourcecode.swift; path = CategoryModel.swift; sourceTree = "<group>"; };
		B7D1BB4F28D5E5D200A9D2E9 /* SearchNavigation.swift */ = {isa = PBXFileReference; lastKnownFileType = sourcecode.swift; path = SearchNavigation.swift; sourceTree = "<group>"; };
		B7D1BB5F28D5FAA600A9D2E9 /* SearchCategoriesView.swift */ = {isa = PBXFileReference; lastKnownFileType = sourcecode.swift; path = SearchCategoriesView.swift; sourceTree = "<group>"; };
		B7D1BB6128D5FB2200A9D2E9 /* SearchCategoiesListView.swift */ = {isa = PBXFileReference; lastKnownFileType = sourcecode.swift; path = SearchCategoiesListView.swift; sourceTree = "<group>"; };
		B7D1BB6328D5FC4900A9D2E9 /* CategoryView.swift */ = {isa = PBXFileReference; lastKnownFileType = sourcecode.swift; path = CategoryView.swift; sourceTree = "<group>"; };
		B7D1BB6528D5FE8800A9D2E9 /* PlaylistModel.swift */ = {isa = PBXFileReference; lastKnownFileType = sourcecode.swift; path = PlaylistModel.swift; sourceTree = "<group>"; };
		B7D1BB6728D6045800A9D2E9 /* TracksModel.swift */ = {isa = PBXFileReference; lastKnownFileType = sourcecode.swift; path = TracksModel.swift; sourceTree = "<group>"; };
		B7D1BB6928D60EDC00A9D2E9 /* PlaylistsView.swift */ = {isa = PBXFileReference; lastKnownFileType = sourcecode.swift; path = PlaylistsView.swift; sourceTree = "<group>"; };
		B7D1BB6B28D60EE800A9D2E9 /* TracksView.swift */ = {isa = PBXFileReference; lastKnownFileType = sourcecode.swift; path = TracksView.swift; sourceTree = "<group>"; };
		B7D1BB6D28D6180900A9D2E9 /* StationModel.swift */ = {isa = PBXFileReference; lastKnownFileType = sourcecode.swift; path = StationModel.swift; sourceTree = "<group>"; };
		B7D1BB7028D61A4A00A9D2E9 /* StationsView.swift */ = {isa = PBXFileReference; lastKnownFileType = sourcecode.swift; path = StationsView.swift; sourceTree = "<group>"; };
		B7D6E39328D33C6100BCF40C /* InterestingModel.swift */ = {isa = PBXFileReference; lastKnownFileType = sourcecode.swift; path = InterestingModel.swift; sourceTree = "<group>"; };
		B7D6E39928D34FB200BCF40C /* InterestingView.swift */ = {isa = PBXFileReference; lastKnownFileType = sourcecode.swift; path = InterestingView.swift; sourceTree = "<group>"; };
		B7D6E39B28D35D8400BCF40C /* StationListView.swift */ = {isa = PBXFileReference; lastKnownFileType = sourcecode.swift; path = StationListView.swift; sourceTree = "<group>"; };
/* End PBXFileReference section */

/* Begin PBXFrameworksBuildPhase section */
		B7B5D62B28D1F48700879C09 /* Frameworks */ = {
			isa = PBXFrameworksBuildPhase;
			buildActionMask = 2147483647;
			files = (
			);
			runOnlyForDeploymentPostprocessing = 0;
		};
/* End PBXFrameworksBuildPhase section */

/* Begin PBXGroup section */
		B7894C2D28D308330079940F /* Utilities */ = {
			isa = PBXGroup;
			children = (
				B7894C2E28D308870079940F /* Constants.swift */,
				B7894C3028D308F60079940F /* Metrics.swift */,
			);
			path = Utilities;
			sourceTree = "<group>";
		};
		B7894C3228D333AC0079940F /* Views */ = {
			isa = PBXGroup;
			children = (
				B7AE094D28D1FA2900BEB36A /* RadioNavigation.swift */,
				B7D6E39928D34FB200BCF40C /* InterestingView.swift */,
				B7D6E39B28D35D8400BCF40C /* StationListView.swift */,
			);
			path = Views;
			sourceTree = "<group>";
		};
		B7894C3428D333B70079940F /* Model */ = {
			isa = PBXGroup;
			children = (
				B7894C3528D333CD0079940F /* RadioModel.swift */,
				B7D6E39328D33C6100BCF40C /* InterestingModel.swift */,
			);
			path = Model;
			sourceTree = "<group>";
		};
		B7AE094728D1F8F400BEB36A /* TabBar */ = {
			isa = PBXGroup;
			children = (
				B7B5D63328D1F48700879C09 /* TabBar.swift */,
			);
			path = TabBar;
			sourceTree = "<group>";
		};
		B7AE094828D1F90100BEB36A /* MediaLibraryScreen */ = {
			isa = PBXGroup;
			children = (
				B7AE095828D2102600BEB36A /* Model */,
				B7AE095728D2101E00BEB36A /* Views */,
			);
			path = MediaLibraryScreen;
			sourceTree = "<group>";
		};
		B7AE094928D1F91500BEB36A /* RadioScreen */ = {
			isa = PBXGroup;
			children = (
				B7894C3428D333B70079940F /* Model */,
				B7894C3228D333AC0079940F /* Views */,
			);
			path = RadioScreen;
			sourceTree = "<group>";
		};
		B7AE094A28D1F91C00BEB36A /* SearchScreen */ = {
			isa = PBXGroup;
			children = (
				B7D1BB4C28D5E25400A9D2E9 /* Models */,
				B7D1BB4928D5DC5700A9D2E9 /* Views */,
			);
			path = SearchScreen;
			sourceTree = "<group>";
		};
		B7AE095728D2101E00BEB36A /* Views */ = {
			isa = PBXGroup;
			children = (
				B7AE095128D1FFCE00BEB36A /* MediaLibraryNavigation.swift */,
				B7AE095328D20C5100BEB36A /* MediaLibraryMain.swift */,
				B7AE095528D20C8300BEB36A /* MediaLibraryList.swift */,
			);
			path = Views;
			sourceTree = "<group>";
		};
		B7AE095828D2102600BEB36A /* Model */ = {
			isa = PBXGroup;
			children = (
				B7AE095928D210D300BEB36A /* ListModel.swift */,
			);
			path = Model;
			sourceTree = "<group>";
		};
		B7AE095E28D2184900BEB36A /* PlayerView */ = {
			isa = PBXGroup;
			children = (
			);
			path = PlayerView;
			sourceTree = "<group>";
		};
		B7AE096128D21C0700BEB36A /* Screens */ = {
			isa = PBXGroup;
			children = (
				B7AE094A28D1F91C00BEB36A /* SearchScreen */,
				B7AE094928D1F91500BEB36A /* RadioScreen */,
				B7AE094828D1F90100BEB36A /* MediaLibraryScreen */,
			);
			path = Screens;
			sourceTree = "<group>";
		};
		B7B5D62528D1F48700879C09 = {
			isa = PBXGroup;
			children = (
				B7B5D63028D1F48700879C09 /* AppleMusic_SwiftUI */,
				B7B5D62F28D1F48700879C09 /* Products */,
			);
			sourceTree = "<group>";
		};
		B7B5D62F28D1F48700879C09 /* Products */ = {
			isa = PBXGroup;
			children = (
				B7B5D62E28D1F48700879C09 /* AppleMusic_SwiftUI.app */,
			);
			name = Products;
			sourceTree = "<group>";
		};
		B7B5D63028D1F48700879C09 /* AppleMusic_SwiftUI */ = {
			isa = PBXGroup;
			children = (
				B7894C2D28D308330079940F /* Utilities */,
				B7AE096128D21C0700BEB36A /* Screens */,
				B7AE095E28D2184900BEB36A /* PlayerView */,
				B7AE094728D1F8F400BEB36A /* TabBar */,
				B7B5D63128D1F48700879C09 /* AppleMusic_SwiftUIApp.swift */,
				B7B5D63528D1F48E00879C09 /* Assets.xcassets */,
				B7B5D63728D1F48E00879C09 /* Preview Content */,
			);
			path = AppleMusic_SwiftUI;
			sourceTree = "<group>";
		};
		B7B5D63728D1F48E00879C09 /* Preview Content */ = {
			isa = PBXGroup;
			children = (
				B7B5D63828D1F48E00879C09 /* Preview Assets.xcassets */,
			);
			path = "Preview Content";
			sourceTree = "<group>";
		};
		B7D1BB4928D5DC5700A9D2E9 /* Views */ = {
			isa = PBXGroup;
			children = (
				B7D1BB5E28D5FA7500A9D2E9 /* CategoryView */,
				B7D1BB5D28D5FA6000A9D2E9 /* SearchCategoriesViews */,
				B7D1BB4F28D5E5D200A9D2E9 /* SearchNavigation.swift */,
			);
			path = Views;
			sourceTree = "<group>";
		};
		B7D1BB4C28D5E25400A9D2E9 /* Models */ = {
			isa = PBXGroup;
			children = (
				B7D1BB4D28D5E27B00A9D2E9 /* CategoryModel.swift */,
				B7D1BB6528D5FE8800A9D2E9 /* PlaylistModel.swift */,
				B7D1BB6728D6045800A9D2E9 /* TracksModel.swift */,
				B7D1BB6D28D6180900A9D2E9 /* StationModel.swift */,
			);
			path = Models;
			sourceTree = "<group>";
		};
		B7D1BB5D28D5FA6000A9D2E9 /* SearchCategoriesViews */ = {
			isa = PBXGroup;
			children = (
				B7D1BB5F28D5FAA600A9D2E9 /* SearchCategoriesView.swift */,
				B7D1BB6128D5FB2200A9D2E9 /* SearchCategoiesListView.swift */,
			);
			path = SearchCategoriesViews;
			sourceTree = "<group>";
		};
		B7D1BB5E28D5FA7500A9D2E9 /* CategoryView */ = {
			isa = PBXGroup;
			children = (
				B7D1BB6328D5FC4900A9D2E9 /* CategoryView.swift */,
				B7D1BB6928D60EDC00A9D2E9 /* PlaylistsView.swift */,
				B7D1BB6B28D60EE800A9D2E9 /* TracksView.swift */,
				B7D1BB7028D61A4A00A9D2E9 /* StationsView.swift */,
			);
			path = CategoryView;
			sourceTree = "<group>";
		};
/* End PBXGroup section */

/* Begin PBXNativeTarget section */
		B7B5D62D28D1F48700879C09 /* AppleMusic_SwiftUI */ = {
			isa = PBXNativeTarget;
			buildConfigurationList = B7B5D63C28D1F48E00879C09 /* Build configuration list for PBXNativeTarget "AppleMusic_SwiftUI" */;
			buildPhases = (
				B7B5D62A28D1F48700879C09 /* Sources */,
				B7B5D62B28D1F48700879C09 /* Frameworks */,
				B7B5D62C28D1F48700879C09 /* Resources */,
			);
			buildRules = (
			);
			dependencies = (
			);
			name = AppleMusic_SwiftUI;
			productName = AppleMusic_SwiftUI;
			productReference = B7B5D62E28D1F48700879C09 /* AppleMusic_SwiftUI.app */;
			productType = "com.apple.product-type.application";
		};
/* End PBXNativeTarget section */

/* Begin PBXProject section */
		B7B5D62628D1F48700879C09 /* Project object */ = {
			isa = PBXProject;
			attributes = {
				BuildIndependentTargetsInParallel = 1;
				LastSwiftUpdateCheck = 1340;
				LastUpgradeCheck = 1340;
				TargetAttributes = {
					B7B5D62D28D1F48700879C09 = {
						CreatedOnToolsVersion = 13.4.1;
					};
				};
			};
			buildConfigurationList = B7B5D62928D1F48700879C09 /* Build configuration list for PBXProject "AppleMusic_SwiftUI" */;
			compatibilityVersion = "Xcode 13.0";
			developmentRegion = en;
			hasScannedForEncodings = 0;
			knownRegions = (
				en,
				Base,
			);
			mainGroup = B7B5D62528D1F48700879C09;
			productRefGroup = B7B5D62F28D1F48700879C09 /* Products */;
			projectDirPath = "";
			projectRoot = "";
			targets = (
				B7B5D62D28D1F48700879C09 /* AppleMusic_SwiftUI */,
			);
		};
/* End PBXProject section */

/* Begin PBXResourcesBuildPhase section */
		B7B5D62C28D1F48700879C09 /* Resources */ = {
			isa = PBXResourcesBuildPhase;
			buildActionMask = 2147483647;
			files = (
				B7B5D63928D1F48E00879C09 /* Preview Assets.xcassets in Resources */,
				B7B5D63628D1F48E00879C09 /* Assets.xcassets in Resources */,
			);
			runOnlyForDeploymentPostprocessing = 0;
		};
/* End PBXResourcesBuildPhase section */

/* Begin PBXSourcesBuildPhase section */
		B7B5D62A28D1F48700879C09 /* Sources */ = {
			isa = PBXSourcesBuildPhase;
			buildActionMask = 2147483647;
			files = (
				B7D6E39A28D34FB200BCF40C /* InterestingView.swift in Sources */,
				B7D6E39428D33C6100BCF40C /* InterestingModel.swift in Sources */,
				B7D1BB6028D5FAA600A9D2E9 /* SearchCategoriesView.swift in Sources */,
				B7D1BB7128D61A4A00A9D2E9 /* StationsView.swift in Sources */,
				B7AE095628D20C8300BEB36A /* MediaLibraryList.swift in Sources */,
				B7D1BB4E28D5E27B00A9D2E9 /* CategoryModel.swift in Sources */,
				B7894C3128D308F60079940F /* Metrics.swift in Sources */,
				B7AE094E28D1FA2900BEB36A /* RadioNavigation.swift in Sources */,
				B7D1BB6E28D6180900A9D2E9 /* StationModel.swift in Sources */,
				B7AE095228D1FFCE00BEB36A /* MediaLibraryNavigation.swift in Sources */,
				B7AE095428D20C5100BEB36A /* MediaLibraryMain.swift in Sources */,
				B7D1BB6A28D60EDC00A9D2E9 /* PlaylistsView.swift in Sources */,
				B7894C2F28D308870079940F /* Constants.swift in Sources */,
				B7D6E39C28D35D8500BCF40C /* StationListView.swift in Sources */,
				B7D1BB6228D5FB2200A9D2E9 /* SearchCategoiesListView.swift in Sources */,
				B7D1BB6C28D60EE800A9D2E9 /* TracksView.swift in Sources */,
				B7B5D63428D1F48700879C09 /* TabBar.swift in Sources */,
				B7D1BB6428D5FC4900A9D2E9 /* CategoryView.swift in Sources */,
				B7D1BB6828D6045800A9D2E9 /* TracksModel.swift in Sources */,
				B7D1BB6628D5FE8800A9D2E9 /* PlaylistModel.swift in Sources */,
				B7D1BB5028D5E5D200A9D2E9 /* SearchNavigation.swift in Sources */,
				B7B5D63228D1F48700879C09 /* AppleMusic_SwiftUIApp.swift in Sources */,
				B7AE095A28D210D300BEB36A /* ListModel.swift in Sources */,
				B7894C3628D333CD0079940F /* RadioModel.swift in Sources */,
			);
			runOnlyForDeploymentPostprocessing = 0;
		};
/* End PBXSourcesBuildPhase section */

/* Begin XCBuildConfiguration section */
		B7B5D63A28D1F48E00879C09 /* Debug */ = {
			isa = XCBuildConfiguration;
			buildSettings = {
				ALWAYS_SEARCH_USER_PATHS = NO;
				CLANG_ANALYZER_NONNULL = YES;
				CLANG_ANALYZER_NUMBER_OBJECT_CONVERSION = YES_AGGRESSIVE;
				CLANG_CXX_LANGUAGE_STANDARD = "gnu++17";
				CLANG_ENABLE_MODULES = YES;
				CLANG_ENABLE_OBJC_ARC = YES;
				CLANG_ENABLE_OBJC_WEAK = YES;
				CLANG_WARN_BLOCK_CAPTURE_AUTORELEASING = YES;
				CLANG_WARN_BOOL_CONVERSION = YES;
				CLANG_WARN_COMMA = YES;
				CLANG_WARN_CONSTANT_CONVERSION = YES;
				CLANG_WARN_DEPRECATED_OBJC_IMPLEMENTATIONS = YES;
				CLANG_WARN_DIRECT_OBJC_ISA_USAGE = YES_ERROR;
				CLANG_WARN_DOCUMENTATION_COMMENTS = YES;
				CLANG_WARN_EMPTY_BODY = YES;
				CLANG_WARN_ENUM_CONVERSION = YES;
				CLANG_WARN_INFINITE_RECURSION = YES;
				CLANG_WARN_INT_CONVERSION = YES;
				CLANG_WARN_NON_LITERAL_NULL_CONVERSION = YES;
				CLANG_WARN_OBJC_IMPLICIT_RETAIN_SELF = YES;
				CLANG_WARN_OBJC_LITERAL_CONVERSION = YES;
				CLANG_WARN_OBJC_ROOT_CLASS = YES_ERROR;
				CLANG_WARN_QUOTED_INCLUDE_IN_FRAMEWORK_HEADER = YES;
				CLANG_WARN_RANGE_LOOP_ANALYSIS = YES;
				CLANG_WARN_STRICT_PROTOTYPES = YES;
				CLANG_WARN_SUSPICIOUS_MOVE = YES;
				CLANG_WARN_UNGUARDED_AVAILABILITY = YES_AGGRESSIVE;
				CLANG_WARN_UNREACHABLE_CODE = YES;
				CLANG_WARN__DUPLICATE_METHOD_MATCH = YES;
				COPY_PHASE_STRIP = NO;
				DEBUG_INFORMATION_FORMAT = dwarf;
				ENABLE_STRICT_OBJC_MSGSEND = YES;
				ENABLE_TESTABILITY = YES;
				GCC_C_LANGUAGE_STANDARD = gnu11;
				GCC_DYNAMIC_NO_PIC = NO;
				GCC_NO_COMMON_BLOCKS = YES;
				GCC_OPTIMIZATION_LEVEL = 0;
				GCC_PREPROCESSOR_DEFINITIONS = (
					"DEBUG=1",
					"$(inherited)",
				);
				GCC_WARN_64_TO_32_BIT_CONVERSION = YES;
				GCC_WARN_ABOUT_RETURN_TYPE = YES_ERROR;
				GCC_WARN_UNDECLARED_SELECTOR = YES;
				GCC_WARN_UNINITIALIZED_AUTOS = YES_AGGRESSIVE;
				GCC_WARN_UNUSED_FUNCTION = YES;
				GCC_WARN_UNUSED_VARIABLE = YES;
				IPHONEOS_DEPLOYMENT_TARGET = 15.5;
				MTL_ENABLE_DEBUG_INFO = INCLUDE_SOURCE;
				MTL_FAST_MATH = YES;
				ONLY_ACTIVE_ARCH = YES;
				SDKROOT = iphoneos;
				SWIFT_ACTIVE_COMPILATION_CONDITIONS = DEBUG;
				SWIFT_OPTIMIZATION_LEVEL = "-Onone";
			};
			name = Debug;
		};
		B7B5D63B28D1F48E00879C09 /* Release */ = {
			isa = XCBuildConfiguration;
			buildSettings = {
				ALWAYS_SEARCH_USER_PATHS = NO;
				CLANG_ANALYZER_NONNULL = YES;
				CLANG_ANALYZER_NUMBER_OBJECT_CONVERSION = YES_AGGRESSIVE;
				CLANG_CXX_LANGUAGE_STANDARD = "gnu++17";
				CLANG_ENABLE_MODULES = YES;
				CLANG_ENABLE_OBJC_ARC = YES;
				CLANG_ENABLE_OBJC_WEAK = YES;
				CLANG_WARN_BLOCK_CAPTURE_AUTORELEASING = YES;
				CLANG_WARN_BOOL_CONVERSION = YES;
				CLANG_WARN_COMMA = YES;
				CLANG_WARN_CONSTANT_CONVERSION = YES;
				CLANG_WARN_DEPRECATED_OBJC_IMPLEMENTATIONS = YES;
				CLANG_WARN_DIRECT_OBJC_ISA_USAGE = YES_ERROR;
				CLANG_WARN_DOCUMENTATION_COMMENTS = YES;
				CLANG_WARN_EMPTY_BODY = YES;
				CLANG_WARN_ENUM_CONVERSION = YES;
				CLANG_WARN_INFINITE_RECURSION = YES;
				CLANG_WARN_INT_CONVERSION = YES;
				CLANG_WARN_NON_LITERAL_NULL_CONVERSION = YES;
				CLANG_WARN_OBJC_IMPLICIT_RETAIN_SELF = YES;
				CLANG_WARN_OBJC_LITERAL_CONVERSION = YES;
				CLANG_WARN_OBJC_ROOT_CLASS = YES_ERROR;
				CLANG_WARN_QUOTED_INCLUDE_IN_FRAMEWORK_HEADER = YES;
				CLANG_WARN_RANGE_LOOP_ANALYSIS = YES;
				CLANG_WARN_STRICT_PROTOTYPES = YES;
				CLANG_WARN_SUSPICIOUS_MOVE = YES;
				CLANG_WARN_UNGUARDED_AVAILABILITY = YES_AGGRESSIVE;
				CLANG_WARN_UNREACHABLE_CODE = YES;
				CLANG_WARN__DUPLICATE_METHOD_MATCH = YES;
				COPY_PHASE_STRIP = NO;
				DEBUG_INFORMATION_FORMAT = "dwarf-with-dsym";
				ENABLE_NS_ASSERTIONS = NO;
				ENABLE_STRICT_OBJC_MSGSEND = YES;
				GCC_C_LANGUAGE_STANDARD = gnu11;
				GCC_NO_COMMON_BLOCKS = YES;
				GCC_WARN_64_TO_32_BIT_CONVERSION = YES;
				GCC_WARN_ABOUT_RETURN_TYPE = YES_ERROR;
				GCC_WARN_UNDECLARED_SELECTOR = YES;
				GCC_WARN_UNINITIALIZED_AUTOS = YES_AGGRESSIVE;
				GCC_WARN_UNUSED_FUNCTION = YES;
				GCC_WARN_UNUSED_VARIABLE = YES;
				IPHONEOS_DEPLOYMENT_TARGET = 15.5;
				MTL_ENABLE_DEBUG_INFO = NO;
				MTL_FAST_MATH = YES;
				SDKROOT = iphoneos;
				SWIFT_COMPILATION_MODE = wholemodule;
				SWIFT_OPTIMIZATION_LEVEL = "-O";
				VALIDATE_PRODUCT = YES;
			};
			name = Release;
		};
		B7B5D63D28D1F48E00879C09 /* Debug */ = {
			isa = XCBuildConfiguration;
			buildSettings = {
				ASSETCATALOG_COMPILER_APPICON_NAME = AppIcon;
				ASSETCATALOG_COMPILER_GLOBAL_ACCENT_COLOR_NAME = AccentColor;
				CODE_SIGN_STYLE = Automatic;
				CURRENT_PROJECT_VERSION = 1;
				DEVELOPMENT_ASSET_PATHS = "\"AppleMusic_SwiftUI/Preview Content\"";
				DEVELOPMENT_TEAM = 76MQ9WGJQ4;
				ENABLE_PREVIEWS = YES;
				GENERATE_INFOPLIST_FILE = YES;
				INFOPLIST_KEY_UIApplicationSceneManifest_Generation = YES;
				INFOPLIST_KEY_UIApplicationSupportsIndirectInputEvents = YES;
				INFOPLIST_KEY_UILaunchScreen_Generation = YES;
				INFOPLIST_KEY_UISupportedInterfaceOrientations_iPad = "UIInterfaceOrientationPortrait UIInterfaceOrientationPortraitUpsideDown UIInterfaceOrientationLandscapeLeft UIInterfaceOrientationLandscapeRight";
				INFOPLIST_KEY_UISupportedInterfaceOrientations_iPhone = "UIInterfaceOrientationPortrait UIInterfaceOrientationLandscapeLeft UIInterfaceOrientationLandscapeRight";
				LD_RUNPATH_SEARCH_PATHS = (
					"$(inherited)",
					"@executable_path/Frameworks",
				);
				MARKETING_VERSION = 1.0;
				PRODUCT_BUNDLE_IDENTIFIER = "R1no933.AppleMusic-SwiftUI";
				PRODUCT_NAME = "$(TARGET_NAME)";
				SWIFT_EMIT_LOC_STRINGS = YES;
				SWIFT_VERSION = 5.0;
				TARGETED_DEVICE_FAMILY = "1,2";
			};
			name = Debug;
		};
		B7B5D63E28D1F48E00879C09 /* Release */ = {
			isa = XCBuildConfiguration;
			buildSettings = {
				ASSETCATALOG_COMPILER_APPICON_NAME = AppIcon;
				ASSETCATALOG_COMPILER_GLOBAL_ACCENT_COLOR_NAME = AccentColor;
				CODE_SIGN_STYLE = Automatic;
				CURRENT_PROJECT_VERSION = 1;
				DEVELOPMENT_ASSET_PATHS = "\"AppleMusic_SwiftUI/Preview Content\"";
				DEVELOPMENT_TEAM = 76MQ9WGJQ4;
				ENABLE_PREVIEWS = YES;
				GENERATE_INFOPLIST_FILE = YES;
				INFOPLIST_KEY_UIApplicationSceneManifest_Generation = YES;
				INFOPLIST_KEY_UIApplicationSupportsIndirectInputEvents = YES;
				INFOPLIST_KEY_UILaunchScreen_Generation = YES;
				INFOPLIST_KEY_UISupportedInterfaceOrientations_iPad = "UIInterfaceOrientationPortrait UIInterfaceOrientationPortraitUpsideDown UIInterfaceOrientationLandscapeLeft UIInterfaceOrientationLandscapeRight";
				INFOPLIST_KEY_UISupportedInterfaceOrientations_iPhone = "UIInterfaceOrientationPortrait UIInterfaceOrientationLandscapeLeft UIInterfaceOrientationLandscapeRight";
				LD_RUNPATH_SEARCH_PATHS = (
					"$(inherited)",
					"@executable_path/Frameworks",
				);
				MARKETING_VERSION = 1.0;
				PRODUCT_BUNDLE_IDENTIFIER = "R1no933.AppleMusic-SwiftUI";
				PRODUCT_NAME = "$(TARGET_NAME)";
				SWIFT_EMIT_LOC_STRINGS = YES;
				SWIFT_VERSION = 5.0;
				TARGETED_DEVICE_FAMILY = "1,2";
			};
			name = Release;
		};
/* End XCBuildConfiguration section */

/* Begin XCConfigurationList section */
		B7B5D62928D1F48700879C09 /* Build configuration list for PBXProject "AppleMusic_SwiftUI" */ = {
			isa = XCConfigurationList;
			buildConfigurations = (
				B7B5D63A28D1F48E00879C09 /* Debug */,
				B7B5D63B28D1F48E00879C09 /* Release */,
			);
			defaultConfigurationIsVisible = 0;
			defaultConfigurationName = Release;
		};
		B7B5D63C28D1F48E00879C09 /* Build configuration list for PBXNativeTarget "AppleMusic_SwiftUI" */ = {
			isa = XCConfigurationList;
			buildConfigurations = (
				B7B5D63D28D1F48E00879C09 /* Debug */,
				B7B5D63E28D1F48E00879C09 /* Release */,
			);
			defaultConfigurationIsVisible = 0;
			defaultConfigurationName = Release;
		};
/* End XCConfigurationList section */
	};
	rootObject = B7B5D62628D1F48700879C09 /* Project object */;
}
